
Microsoft Visual Studio Solution File, Format Version 12.00
# Visual Studio 15
VisualStudioVersion = 15.0.27703.2000
MinimumVisualStudioVersion = 10.0.40219.1
Project("{8BC9CEB8-8B4A-11D0-8D11-00A0C91BC942}") = "Tutorial1 (Refrence)", "vkTutorials\vkTutorials.vcxproj", "{B9197A9B-E57F-426D-9727-C6775B53CE53}"
EndProject
Project("{8BC9CEB8-8B4A-11D0-8D11-00A0C91BC942}") = "Tutorial2 (Triangles)", "tutorial2\Tutorial2.vcxproj", "{D51098D0-2BA5-40E0-B942-285F62E0F2C1}"
EndProject
Global
	GlobalSection(SolutionConfigurationPlatforms) = preSolution
		Debug|x64 = Debug|x64
		Debug|x86 = Debug|x86
		Release|x64 = Release|x64
		Release|x86 = Release|x86
	EndGlobalSection
	GlobalSection(ProjectConfigurationPlatforms) = postSolution
		{B9197A9B-E57F-426D-9727-C6775B53CE53}.Debug|x64.ActiveCfg = Debug|x64
		{B9197A9B-E57F-426D-9727-C6775B53CE53}.Debug|x64.Build.0 = Debug|x64
		{B9197A9B-E57F-426D-9727-C6775B53CE53}.Debug|x86.ActiveCfg = Debug|Win32
		{B9197A9B-E57F-426D-9727-C6775B53CE53}.Debug|x86.Build.0 = Debug|Win32
		{B9197A9B-E57F-426D-9727-C6775B53CE53}.Release|x64.ActiveCfg = Release|x64
		{B9197A9B-E57F-426D-9727-C6775B53CE53}.Release|x64.Build.0 = Release|x64
		{B9197A9B-E57F-426D-9727-C6775B53CE53}.Release|x86.ActiveCfg = Release|Win32
		{B9197A9B-E57F-426D-9727-C6775B53CE53}.Release|x86.Build.0 = Release|Win32
		{D51098D0-2BA5-40E0-B942-285F62E0F2C1}.Debug|x64.ActiveCfg = Debug|x64
		{D51098D0-2BA5-40E0-B942-285F62E0F2C1}.Debug|x64.Build.0 = Debug|x64
		{D51098D0-2BA5-40E0-B942-285F62E0F2C1}.Debug|x86.ActiveCfg = Debug|Win32
		{D51098D0-2BA5-40E0-B942-285F62E0F2C1}.Debug|x86.Build.0 = Debug|Win32
		{D51098D0-2BA5-40E0-B942-285F62E0F2C1}.Release|x64.ActiveCfg = Release|x64
		{D51098D0-2BA5-40E0-B942-285F62E0F2C1}.Release|x64.Build.0 = Release|x64
		{D51098D0-2BA5-40E0-B942-285F62E0F2C1}.Release|x86.ActiveCfg = Release|Win32
		{D51098D0-2BA5-40E0-B942-285F62E0F2C1}.Release|x86.Build.0 = Release|Win32
	EndGlobalSection
	GlobalSection(SolutionProperties) = preSolution
		HideSolutionNode = FALSE
	EndGlobalSection
	GlobalSection(ExtensibilityGlobals) = postSolution
		SolutionGuid = {0AD3A8EF-6F55-42D5-A7AF-E0F8EAFFBFA2}
	EndGlobalSection
EndGlobal
